
Microsoft Visual Studio Solution File, Format Version 12.00
# Visual Studio Version 17
VisualStudioVersion = 17.0.31903.59
MinimumVisualStudioVersion = 10.0.40219.1
Project("{FAE04EC0-301F-11D3-BF4B-00C04F79EFBC}") = "Banking1", "Banking1\Banking1.csproj", "{1C040BDE-00F1-412A-B3F9-173853894A01}"
EndProject
Project("{FAE04EC0-301F-11D3-BF4B-00C04F79EFBC}") = "HDFCApp1", "HDFCApp1\HDFCApp1.csproj", "{852BE6D4-A2CB-416D-B650-24921B11131C}"
EndProject
Global
	GlobalSection(SolutionConfigurationPlatforms) = preSolution
		Debug|Any CPU = Debug|Any CPU
		Release|Any CPU = Release|Any CPU
	EndGlobalSection
	GlobalSection(SolutionProperties) = preSolution
		HideSolutionNode = FALSE
	EndGlobalSection
	GlobalSection(ProjectConfigurationPlatforms) = postSolution
		{1C040BDE-00F1-412A-B3F9-173853894A01}.Debug|Any CPU.ActiveCfg = Debug|Any CPU
		{1C040BDE-00F1-412A-B3F9-173853894A01}.Debug|Any CPU.Build.0 = Debug|Any CPU
		{1C040BDE-00F1-412A-B3F9-173853894A01}.Release|Any CPU.ActiveCfg = Release|Any CPU
		{1C040BDE-00F1-412A-B3F9-173853894A01}.Release|Any CPU.Build.0 = Release|Any CPU
		{852BE6D4-A2CB-416D-B650-24921B11131C}.Debug|Any CPU.ActiveCfg = Debug|Any CPU
		{852BE6D4-A2CB-416D-B650-24921B11131C}.Debug|Any CPU.Build.0 = Debug|Any CPU
		{852BE6D4-A2CB-416D-B650-24921B11131C}.Release|Any CPU.ActiveCfg = Release|Any CPU
		{852BE6D4-A2CB-416D-B650-24921B11131C}.Release|Any CPU.Build.0 = Release|Any CPU
	EndGlobalSection
EndGlobal
